
Microsoft Visual Studio Solution File, Format Version 12.00
Project("{FAE04EC0-301F-11D3-BF4B-00C04F79EFBC}") = "DataTypes", "src\DataTypes\DataTypes.csproj", "{F1C51655-BC25-46CA-8A95-6431CEC6F550}"
EndProject
Project("{FAE04EC0-301F-11D3-BF4B-00C04F79EFBC}") = "Ifs", "src\Ifs\Ifs.csproj", "{BB31A285-8913-4321-8A68-21D52A35C7BB}"
EndProject
Project("{FAE04EC0-301F-11D3-BF4B-00C04F79EFBC}") = "Exercise.Ifs", "src\Exercise.Ifs\Exercise.Ifs.csproj", "{25CE2C6F-B070-4431-8785-D06FAD2F288F}"
EndProject
Project("{FAE04EC0-301F-11D3-BF4B-00C04F79EFBC}") = "Learning", "src\Learning\Learning.csproj", "{1D9FCAE4-4FE1-40EA-A8C6-CC532F6129D7}"
EndProject
Project("{FAE04EC0-301F-11D3-BF4B-00C04F79EFBC}") = "FizzBuzz", "src\FizzBuzz\FizzBuzz.csproj", "{BAAC7754-AB55-4B0A-AEAB-7773F0F10489}"
EndProject
Project("{FAE04EC0-301F-11D3-BF4B-00C04F79EFBC}") = "Colections", "src\Colections\Colections.csproj", "{3E72B542-12BE-4DFA-8EB6-41B682288AE4}"
EndProject
Project("{FAE04EC0-301F-11D3-BF4B-00C04F79EFBC}") = "FB Collections", "src\FB Collections\FB Collections.csproj", "{5EA73182-8561-43C5-A3CF-59623BC3A3B4}"
EndProject
Project("{FAE04EC0-301F-11D3-BF4B-00C04F79EFBC}") = "Excercise2", "src\Excercise2\Excercise2.csproj", "{8396D252-E88D-4387-992D-CB0F4E85D231}"
EndProject
Global
	GlobalSection(SolutionConfigurationPlatforms) = preSolution
		Debug|Any CPU = Debug|Any CPU
		Release|Any CPU = Release|Any CPU
	EndGlobalSection
	GlobalSection(ProjectConfigurationPlatforms) = postSolution
		{F1C51655-BC25-46CA-8A95-6431CEC6F550}.Debug|Any CPU.ActiveCfg = Debug|Any CPU
		{F1C51655-BC25-46CA-8A95-6431CEC6F550}.Debug|Any CPU.Build.0 = Debug|Any CPU
		{F1C51655-BC25-46CA-8A95-6431CEC6F550}.Release|Any CPU.ActiveCfg = Release|Any CPU
		{F1C51655-BC25-46CA-8A95-6431CEC6F550}.Release|Any CPU.Build.0 = Release|Any CPU
		{BB31A285-8913-4321-8A68-21D52A35C7BB}.Debug|Any CPU.ActiveCfg = Debug|Any CPU
		{BB31A285-8913-4321-8A68-21D52A35C7BB}.Debug|Any CPU.Build.0 = Debug|Any CPU
		{BB31A285-8913-4321-8A68-21D52A35C7BB}.Release|Any CPU.ActiveCfg = Release|Any CPU
		{BB31A285-8913-4321-8A68-21D52A35C7BB}.Release|Any CPU.Build.0 = Release|Any CPU
		{25CE2C6F-B070-4431-8785-D06FAD2F288F}.Debug|Any CPU.ActiveCfg = Debug|Any CPU
		{25CE2C6F-B070-4431-8785-D06FAD2F288F}.Debug|Any CPU.Build.0 = Debug|Any CPU
		{25CE2C6F-B070-4431-8785-D06FAD2F288F}.Release|Any CPU.ActiveCfg = Release|Any CPU
		{25CE2C6F-B070-4431-8785-D06FAD2F288F}.Release|Any CPU.Build.0 = Release|Any CPU
		{1D9FCAE4-4FE1-40EA-A8C6-CC532F6129D7}.Debug|Any CPU.ActiveCfg = Debug|Any CPU
		{1D9FCAE4-4FE1-40EA-A8C6-CC532F6129D7}.Debug|Any CPU.Build.0 = Debug|Any CPU
		{1D9FCAE4-4FE1-40EA-A8C6-CC532F6129D7}.Release|Any CPU.ActiveCfg = Release|Any CPU
		{1D9FCAE4-4FE1-40EA-A8C6-CC532F6129D7}.Release|Any CPU.Build.0 = Release|Any CPU
		{BAAC7754-AB55-4B0A-AEAB-7773F0F10489}.Debug|Any CPU.ActiveCfg = Debug|Any CPU
		{BAAC7754-AB55-4B0A-AEAB-7773F0F10489}.Debug|Any CPU.Build.0 = Debug|Any CPU
		{BAAC7754-AB55-4B0A-AEAB-7773F0F10489}.Release|Any CPU.ActiveCfg = Release|Any CPU
		{BAAC7754-AB55-4B0A-AEAB-7773F0F10489}.Release|Any CPU.Build.0 = Release|Any CPU
		{3E72B542-12BE-4DFA-8EB6-41B682288AE4}.Debug|Any CPU.ActiveCfg = Debug|Any CPU
		{3E72B542-12BE-4DFA-8EB6-41B682288AE4}.Debug|Any CPU.Build.0 = Debug|Any CPU
		{3E72B542-12BE-4DFA-8EB6-41B682288AE4}.Release|Any CPU.ActiveCfg = Release|Any CPU
		{3E72B542-12BE-4DFA-8EB6-41B682288AE4}.Release|Any CPU.Build.0 = Release|Any CPU
		{5EA73182-8561-43C5-A3CF-59623BC3A3B4}.Debug|Any CPU.ActiveCfg = Debug|Any CPU
		{5EA73182-8561-43C5-A3CF-59623BC3A3B4}.Debug|Any CPU.Build.0 = Debug|Any CPU
		{5EA73182-8561-43C5-A3CF-59623BC3A3B4}.Release|Any CPU.ActiveCfg = Release|Any CPU
		{5EA73182-8561-43C5-A3CF-59623BC3A3B4}.Release|Any CPU.Build.0 = Release|Any CPU
		{8396D252-E88D-4387-992D-CB0F4E85D231}.Debug|Any CPU.ActiveCfg = Debug|Any CPU
		{8396D252-E88D-4387-992D-CB0F4E85D231}.Debug|Any CPU.Build.0 = Debug|Any CPU
		{8396D252-E88D-4387-992D-CB0F4E85D231}.Release|Any CPU.ActiveCfg = Release|Any CPU
		{8396D252-E88D-4387-992D-CB0F4E85D231}.Release|Any CPU.Build.0 = Release|Any CPU
	EndGlobalSection
EndGlobal
